github.com/containerd/btrfs/v2 v2.0.0 h1:FN4wsx7KQrYoLXN7uLP0vBV4oVWHOIKDRQ1G2Z0oL5M=
github.com/containerd/btrfs/v2 v2.0.0/go.mod h1:swkD/7j9HApWpzl8OHfrHNxppPd9l44DFZdF94BUj9k=
golang.org/x/sys v0.5.0 h1:MUK/U/4lj1t1oPg0HfuXDN/Z1wv31ZJ/YcPiGccS4DU=
golang.org/x/sys v0.5.0/go.mod h1:oPkhp1MJrh7nUepCBck5+mAzfO9JrbApNNgaTdGDITg=
